
Microsoft Visual Studio Solution File, Format Version 12.00
# Visual Studio Version 17
VisualStudioVersion = 17.3.32922.545
MinimumVisualStudioVersion = 10.0.40219.1
Project("{2150E333-8FDC-42A3-9474-1A3956D46DE8}") = "src", "src", "{4FEC9684-16F8-4D40-8A30-D3597D750B49}"
EndProject
Project("{2150E333-8FDC-42A3-9474-1A3956D46DE8}") = "tests", "tests", "{5573BA75-94A4-4382-84B0-AE1926939FD5}"
EndProject
Project("{2150E333-8FDC-42A3-9474-1A3956D46DE8}") = "utilities", "utilities", "{DDB31FAD-7275-4648-9BAB-B64756B78B51}"
EndProject
Project("{9A19103F-16F7-4668-BE54-9A1E7A4F7556}") = "TgBotForSearchWorkApi", "src\TgBotForSearchWorkApi\TgBotForSearchWorkApi.csproj", "{35DA099C-4290-4CB4-A32B-8858F991747B}"
EndProject
Project("{9A19103F-16F7-4668-BE54-9A1E7A4F7556}") = "Parsers", "src\Parsers\Parsers.csproj", "{CD265E35-0C26-4550-8F6C-A49740714F7C}"
EndProject
Project("{9A19103F-16F7-4668-BE54-9A1E7A4F7556}") = "Parsers.UnitTests", "tests\Parsers.UnitTests\Parsers.UnitTests.csproj", "{35977425-1181-475D-85E4-121D2F210033}"
EndProject
Project("{9A19103F-16F7-4668-BE54-9A1E7A4F7556}") = "Parsers.IntegrationTests", "tests\Parsers.IntegrationTests\Parsers.IntegrationTests.csproj", "{4C88DE98-20F3-4C15-9C82-568307616DA4}"
EndProject
Project("{9A19103F-16F7-4668-BE54-9A1E7A4F7556}") = "Deployf.Botf", "utilities\Deployf.Botf\Deployf.Botf.csproj", "{820F1B53-0CB1-43F0-9B4B-B3CDB77F44B4}"
EndProject
Project("{9A19103F-16F7-4668-BE54-9A1E7A4F7556}") = "AutoDIInjector", "utilities\AutoDIInjector\AutoDIInjector.csproj", "{28467F5A-EDA5-4AF1-BBA4-DC5F09C371C7}"
EndProject
Global
	GlobalSection(SolutionConfigurationPlatforms) = preSolution
		Debug|Any CPU = Debug|Any CPU
		Release|Any CPU = Release|Any CPU
	EndGlobalSection
	GlobalSection(ProjectConfigurationPlatforms) = postSolution
		{35DA099C-4290-4CB4-A32B-8858F991747B}.Debug|Any CPU.ActiveCfg = Debug|Any CPU
		{35DA099C-4290-4CB4-A32B-8858F991747B}.Debug|Any CPU.Build.0 = Debug|Any CPU
		{35DA099C-4290-4CB4-A32B-8858F991747B}.Release|Any CPU.ActiveCfg = Release|Any CPU
		{35DA099C-4290-4CB4-A32B-8858F991747B}.Release|Any CPU.Build.0 = Release|Any CPU
		{CD265E35-0C26-4550-8F6C-A49740714F7C}.Debug|Any CPU.ActiveCfg = Debug|Any CPU
		{CD265E35-0C26-4550-8F6C-A49740714F7C}.Debug|Any CPU.Build.0 = Debug|Any CPU
		{CD265E35-0C26-4550-8F6C-A49740714F7C}.Release|Any CPU.ActiveCfg = Release|Any CPU
		{CD265E35-0C26-4550-8F6C-A49740714F7C}.Release|Any CPU.Build.0 = Release|Any CPU
		{35977425-1181-475D-85E4-121D2F210033}.Debug|Any CPU.ActiveCfg = Debug|Any CPU
		{35977425-1181-475D-85E4-121D2F210033}.Debug|Any CPU.Build.0 = Debug|Any CPU
		{35977425-1181-475D-85E4-121D2F210033}.Release|Any CPU.ActiveCfg = Release|Any CPU
		{35977425-1181-475D-85E4-121D2F210033}.Release|Any CPU.Build.0 = Release|Any CPU
		{4C88DE98-20F3-4C15-9C82-568307616DA4}.Debug|Any CPU.ActiveCfg = Debug|Any CPU
		{4C88DE98-20F3-4C15-9C82-568307616DA4}.Debug|Any CPU.Build.0 = Debug|Any CPU
		{4C88DE98-20F3-4C15-9C82-568307616DA4}.Release|Any CPU.ActiveCfg = Release|Any CPU
		{4C88DE98-20F3-4C15-9C82-568307616DA4}.Release|Any CPU.Build.0 = Release|Any CPU
		{820F1B53-0CB1-43F0-9B4B-B3CDB77F44B4}.Debug|Any CPU.ActiveCfg = Debug|Any CPU
		{820F1B53-0CB1-43F0-9B4B-B3CDB77F44B4}.Debug|Any CPU.Build.0 = Debug|Any CPU
		{820F1B53-0CB1-43F0-9B4B-B3CDB77F44B4}.Release|Any CPU.ActiveCfg = Release|Any CPU
		{820F1B53-0CB1-43F0-9B4B-B3CDB77F44B4}.Release|Any CPU.Build.0 = Release|Any CPU
		{28467F5A-EDA5-4AF1-BBA4-DC5F09C371C7}.Debug|Any CPU.ActiveCfg = Debug|Any CPU
		{28467F5A-EDA5-4AF1-BBA4-DC5F09C371C7}.Debug|Any CPU.Build.0 = Debug|Any CPU
		{28467F5A-EDA5-4AF1-BBA4-DC5F09C371C7}.Release|Any CPU.ActiveCfg = Release|Any CPU
		{28467F5A-EDA5-4AF1-BBA4-DC5F09C371C7}.Release|Any CPU.Build.0 = Release|Any CPU
	EndGlobalSection
	GlobalSection(SolutionProperties) = preSolution
		HideSolutionNode = FALSE
	EndGlobalSection
	GlobalSection(NestedProjects) = preSolution
		{35DA099C-4290-4CB4-A32B-8858F991747B} = {4FEC9684-16F8-4D40-8A30-D3597D750B49}
		{CD265E35-0C26-4550-8F6C-A49740714F7C} = {4FEC9684-16F8-4D40-8A30-D3597D750B49}
		{35977425-1181-475D-85E4-121D2F210033} = {5573BA75-94A4-4382-84B0-AE1926939FD5}
		{4C88DE98-20F3-4C15-9C82-568307616DA4} = {5573BA75-94A4-4382-84B0-AE1926939FD5}
		{820F1B53-0CB1-43F0-9B4B-B3CDB77F44B4} = {DDB31FAD-7275-4648-9BAB-B64756B78B51}
		{28467F5A-EDA5-4AF1-BBA4-DC5F09C371C7} = {DDB31FAD-7275-4648-9BAB-B64756B78B51}
	EndGlobalSection
	GlobalSection(ExtensibilityGlobals) = postSolution
		SolutionGuid = {78C452D9-FA65-40A9-BB5F-FA518582E0AB}
	EndGlobalSection
EndGlobal
